
Microsoft Visual Studio Solution File, Format Version 12.00
# Visual Studio Version 16
VisualStudioVersion = 16.0.30907.101
MinimumVisualStudioVersion = 10.0.40219.1
Project("{FAE04EC0-301F-11D3-BF4B-00C04F79EFBC}") = "Talent-Onboarding", "Talent-Onboarding\Talent-Onboarding.csproj", "{3146EDF2-BF6D-4E66-8A97-BCF37D15FC0F}"
EndProject
Global
	GlobalSection(SolutionConfigurationPlatforms) = preSolution
		Debug|Any CPU = Debug|Any CPU
		Release|Any CPU = Release|Any CPU
	EndGlobalSection
	GlobalSection(ProjectConfigurationPlatforms) = postSolution
		{3146EDF2-BF6D-4E66-8A97-BCF37D15FC0F}.Debug|Any CPU.ActiveCfg = Debug|Any CPU
		{3146EDF2-BF6D-4E66-8A97-BCF37D15FC0F}.Debug|Any CPU.Build.0 = Debug|Any CPU
		{3146EDF2-BF6D-4E66-8A97-BCF37D15FC0F}.Release|Any CPU.ActiveCfg = Release|Any CPU
		{3146EDF2-BF6D-4E66-8A97-BCF37D15FC0F}.Release|Any CPU.Build.0 = Release|Any CPU
	EndGlobalSection
	GlobalSection(SolutionProperties) = preSolution
		HideSolutionNode = FALSE
	EndGlobalSection
	GlobalSection(ExtensibilityGlobals) = postSolution
		SolutionGuid = {3EDADA62-AD00-44AE-84AF-46B6419DF2B2}
	EndGlobalSection
EndGlobal
